
Microsoft Visual Studio Solution File, Format Version 12.00
# Visual Studio 15
VisualStudioVersion = 15.0.26730.16
MinimumVisualStudioVersion = 10.0.40219.1
Project("{FAE04EC0-301F-11D3-BF4B-00C04F79EFBC}") = "Youtube Title Haganya", "Youtube Title Haganya\Youtube Title Haganya.csproj", "{20E4D3E5-4BC8-413A-BEC3-2CB568180961}"
EndProject
Global
	GlobalSection(SolutionConfigurationPlatforms) = preSolution
		Debug|Any CPU = Debug|Any CPU
		Release|Any CPU = Release|Any CPU
	EndGlobalSection
	GlobalSection(ProjectConfigurationPlatforms) = postSolution
		{20E4D3E5-4BC8-413A-BEC3-2CB568180961}.Debug|Any CPU.ActiveCfg = Debug|Any CPU
		{20E4D3E5-4BC8-413A-BEC3-2CB568180961}.Debug|Any CPU.Build.0 = Debug|Any CPU
		{20E4D3E5-4BC8-413A-BEC3-2CB568180961}.Release|Any CPU.ActiveCfg = Release|Any CPU
		{20E4D3E5-4BC8-413A-BEC3-2CB568180961}.Release|Any CPU.Build.0 = Release|Any CPU
	EndGlobalSection
	GlobalSection(SolutionProperties) = preSolution
		HideSolutionNode = FALSE
	EndGlobalSection
	GlobalSection(ExtensibilityGlobals) = postSolution
		SolutionGuid = {7AEF8E2E-1131-4B0A-BD67-3D7F514077B7}
	EndGlobalSection
EndGlobal
